
Microsoft Visual Studio Solution File, Format Version 12.00
# Visual Studio 15
VisualStudioVersion = 15.0.26403.7
MinimumVisualStudioVersion = 10.0.40219.1
Project("{FAE04EC0-301F-11D3-BF4B-00C04F79EFBC}") = "ReverseString", "ReverseString\ReverseString.csproj", "{A4B01A5C-7D19-42DB-BE92-D5D75822ABCC}"
EndProject
Project("{FAE04EC0-301F-11D3-BF4B-00C04F79EFBC}") = "SimpleCalculator", "SimpleCalculator\SimpleCalculator.csproj", "{F1CF1B5E-965B-4509-9C1D-753D60569B08}"
EndProject
Project("{FAE04EC0-301F-11D3-BF4B-00C04F79EFBC}") = "DecimalToBinaryConverter", "DecimalToBinaryConverter\DecimalToBinaryConverter.csproj", "{67C93E05-775F-4BEF-BDFB-247F764B809D}"
EndProject
Project("{FAE04EC0-301F-11D3-BF4B-00C04F79EFBC}") = "MatchingBrackets", "MatchingBrackets\MatchingBrackets.csproj", "{61F7207D-205A-472F-A6A9-B41B28E773D3}"
EndProject
Project("{FAE04EC0-301F-11D3-BF4B-00C04F79EFBC}") = "HotPotato", "HotPotato\HotPotato.csproj", "{4B63795C-19D1-4301-8816-826F9BCFC003}"
EndProject
Project("{FAE04EC0-301F-11D3-BF4B-00C04F79EFBC}") = "MathPotato", "MathPotato\MathPotato.csproj", "{E063EEA5-3234-4F88-AF94-5DCA6FA60B6B}"
EndProject
Project("{FAE04EC0-301F-11D3-BF4B-00C04F79EFBC}") = "ReverseNumbersWithStack", "ReverseNumbersWithStack\ReverseNumbersWithStack.csproj", "{7D01DCCF-25B8-4FA4-9E2A-B93E4E4EC12B}"
EndProject
Project("{FAE04EC0-301F-11D3-BF4B-00C04F79EFBC}") = "BasicStackOperations", "BasicStackOperations\BasicStackOperations.csproj", "{267BF4D7-E7E0-48E4-9250-0B43FBC24B43}"
EndProject
Project("{FAE04EC0-301F-11D3-BF4B-00C04F79EFBC}") = "MaximumElement", "MaximumElement\MaximumElement.csproj", "{BE78D86F-D680-44B3-91E4-0F69991025CF}"
EndProject
Project("{FAE04EC0-301F-11D3-BF4B-00C04F79EFBC}") = "BasicQueueOperations", "BasicQueueOperations\BasicQueueOperations.csproj", "{07996714-CC05-4217-BA9C-E55E6E163ABA}"
EndProject
Project("{FAE04EC0-301F-11D3-BF4B-00C04F79EFBC}") = "CalculateSequenceWithQueue", "CalculateSequenceWithQueue\CalculateSequenceWithQueue.csproj", "{9905D471-431B-4291-A037-6051625C8BFB}"
EndProject
Project("{FAE04EC0-301F-11D3-BF4B-00C04F79EFBC}") = "TruckTour", "TruckTour\TruckTour.csproj", "{C386A504-27B4-4B36-9B6E-198489C5D0B5}"
EndProject
Project("{FAE04EC0-301F-11D3-BF4B-00C04F79EFBC}") = "BalancedParenthesis", "BalancedParenthesis\BalancedParenthesis.csproj", "{C1F2AABF-FC70-49BA-B81A-BF267FF616DF}"
EndProject
Project("{FAE04EC0-301F-11D3-BF4B-00C04F79EFBC}") = "RecursiveFibonacci", "RecursiveFibonacci\RecursiveFibonacci.csproj", "{60AB9A9D-4396-4F58-9965-6998E5950769}"
EndProject
Project("{FAE04EC0-301F-11D3-BF4B-00C04F79EFBC}") = "StackFibonacci", "StackFibonacci\StackFibonacci.csproj", "{48F3B42F-B263-4030-BE40-EA449A1F44E4}"
EndProject
Project("{FAE04EC0-301F-11D3-BF4B-00C04F79EFBC}") = "SimpleTextEditor", "SimpleTextEditor\SimpleTextEditor.csproj", "{F4784107-985B-4DC0-BAF7-484EFF7FBC26}"
EndProject
Project("{FAE04EC0-301F-11D3-BF4B-00C04F79EFBC}") = "PoisonousPlants", "PoisonousPlants\PoisonousPlants.csproj", "{129D6104-3305-4F9B-BB81-57707C772F59}"
EndProject
Global
	GlobalSection(SolutionConfigurationPlatforms) = preSolution
		Debug|Any CPU = Debug|Any CPU
		Release|Any CPU = Release|Any CPU
	EndGlobalSection
	GlobalSection(ProjectConfigurationPlatforms) = postSolution
		{A4B01A5C-7D19-42DB-BE92-D5D75822ABCC}.Debug|Any CPU.ActiveCfg = Debug|Any CPU
		{A4B01A5C-7D19-42DB-BE92-D5D75822ABCC}.Debug|Any CPU.Build.0 = Debug|Any CPU
		{A4B01A5C-7D19-42DB-BE92-D5D75822ABCC}.Release|Any CPU.ActiveCfg = Release|Any CPU
		{A4B01A5C-7D19-42DB-BE92-D5D75822ABCC}.Release|Any CPU.Build.0 = Release|Any CPU
		{F1CF1B5E-965B-4509-9C1D-753D60569B08}.Debug|Any CPU.ActiveCfg = Debug|Any CPU
		{F1CF1B5E-965B-4509-9C1D-753D60569B08}.Debug|Any CPU.Build.0 = Debug|Any CPU
		{F1CF1B5E-965B-4509-9C1D-753D60569B08}.Release|Any CPU.ActiveCfg = Release|Any CPU
		{F1CF1B5E-965B-4509-9C1D-753D60569B08}.Release|Any CPU.Build.0 = Release|Any CPU
		{67C93E05-775F-4BEF-BDFB-247F764B809D}.Debug|Any CPU.ActiveCfg = Debug|Any CPU
		{67C93E05-775F-4BEF-BDFB-247F764B809D}.Debug|Any CPU.Build.0 = Debug|Any CPU
		{67C93E05-775F-4BEF-BDFB-247F764B809D}.Release|Any CPU.ActiveCfg = Release|Any CPU
		{67C93E05-775F-4BEF-BDFB-247F764B809D}.Release|Any CPU.Build.0 = Release|Any CPU
		{61F7207D-205A-472F-A6A9-B41B28E773D3}.Debug|Any CPU.ActiveCfg = Debug|Any CPU
		{61F7207D-205A-472F-A6A9-B41B28E773D3}.Debug|Any CPU.Build.0 = Debug|Any CPU
		{61F7207D-205A-472F-A6A9-B41B28E773D3}.Release|Any CPU.ActiveCfg = Release|Any CPU
		{61F7207D-205A-472F-A6A9-B41B28E773D3}.Release|Any CPU.Build.0 = Release|Any CPU
		{4B63795C-19D1-4301-8816-826F9BCFC003}.Debug|Any CPU.ActiveCfg = Debug|Any CPU
		{4B63795C-19D1-4301-8816-826F9BCFC003}.Debug|Any CPU.Build.0 = Debug|Any CPU
		{4B63795C-19D1-4301-8816-826F9BCFC003}.Release|Any CPU.ActiveCfg = Release|Any CPU
		{4B63795C-19D1-4301-8816-826F9BCFC003}.Release|Any CPU.Build.0 = Release|Any CPU
		{E063EEA5-3234-4F88-AF94-5DCA6FA60B6B}.Debug|Any CPU.ActiveCfg = Debug|Any CPU
		{E063EEA5-3234-4F88-AF94-5DCA6FA60B6B}.Debug|Any CPU.Build.0 = Debug|Any CPU
		{E063EEA5-3234-4F88-AF94-5DCA6FA60B6B}.Release|Any CPU.ActiveCfg = Release|Any CPU
		{E063EEA5-3234-4F88-AF94-5DCA6FA60B6B}.Release|Any CPU.Build.0 = Release|Any CPU
		{7D01DCCF-25B8-4FA4-9E2A-B93E4E4EC12B}.Debug|Any CPU.ActiveCfg = Debug|Any CPU
		{7D01DCCF-25B8-4FA4-9E2A-B93E4E4EC12B}.Debug|Any CPU.Build.0 = Debug|Any CPU
		{7D01DCCF-25B8-4FA4-9E2A-B93E4E4EC12B}.Release|Any CPU.ActiveCfg = Release|Any CPU
		{7D01DCCF-25B8-4FA4-9E2A-B93E4E4EC12B}.Release|Any CPU.Build.0 = Release|Any CPU
		{267BF4D7-E7E0-48E4-9250-0B43FBC24B43}.Debug|Any CPU.ActiveCfg = Debug|Any CPU
		{267BF4D7-E7E0-48E4-9250-0B43FBC24B43}.Debug|Any CPU.Build.0 = Debug|Any CPU
		{267BF4D7-E7E0-48E4-9250-0B43FBC24B43}.Release|Any CPU.ActiveCfg = Release|Any CPU
		{267BF4D7-E7E0-48E4-9250-0B43FBC24B43}.Release|Any CPU.Build.0 = Release|Any CPU
		{BE78D86F-D680-44B3-91E4-0F69991025CF}.Debug|Any CPU.ActiveCfg = Debug|Any CPU
		{BE78D86F-D680-44B3-91E4-0F69991025CF}.Debug|Any CPU.Build.0 = Debug|Any CPU
		{BE78D86F-D680-44B3-91E4-0F69991025CF}.Release|Any CPU.ActiveCfg = Release|Any CPU
		{BE78D86F-D680-44B3-91E4-0F69991025CF}.Release|Any CPU.Build.0 = Release|Any CPU
		{07996714-CC05-4217-BA9C-E55E6E163ABA}.Debug|Any CPU.ActiveCfg = Debug|Any CPU
		{07996714-CC05-4217-BA9C-E55E6E163ABA}.Debug|Any CPU.Build.0 = Debug|Any CPU
		{07996714-CC05-4217-BA9C-E55E6E163ABA}.Release|Any CPU.ActiveCfg = Release|Any CPU
		{07996714-CC05-4217-BA9C-E55E6E163ABA}.Release|Any CPU.Build.0 = Release|Any CPU
		{9905D471-431B-4291-A037-6051625C8BFB}.Debug|Any CPU.ActiveCfg = Debug|Any CPU
		{9905D471-431B-4291-A037-6051625C8BFB}.Debug|Any CPU.Build.0 = Debug|Any CPU
		{9905D471-431B-4291-A037-6051625C8BFB}.Release|Any CPU.ActiveCfg = Release|Any CPU
		{9905D471-431B-4291-A037-6051625C8BFB}.Release|Any CPU.Build.0 = Release|Any CPU
		{C386A504-27B4-4B36-9B6E-198489C5D0B5}.Debug|Any CPU.ActiveCfg = Debug|Any CPU
		{C386A504-27B4-4B36-9B6E-198489C5D0B5}.Debug|Any CPU.Build.0 = Debug|Any CPU
		{C386A504-27B4-4B36-9B6E-198489C5D0B5}.Release|Any CPU.ActiveCfg = Release|Any CPU
		{C386A504-27B4-4B36-9B6E-198489C5D0B5}.Release|Any CPU.Build.0 = Release|Any CPU
		{C1F2AABF-FC70-49BA-B81A-BF267FF616DF}.Debug|Any CPU.ActiveCfg = Debug|Any CPU
		{C1F2AABF-FC70-49BA-B81A-BF267FF616DF}.Debug|Any CPU.Build.0 = Debug|Any CPU
		{C1F2AABF-FC70-49BA-B81A-BF267FF616DF}.Release|Any CPU.ActiveCfg = Release|Any CPU
		{C1F2AABF-FC70-49BA-B81A-BF267FF616DF}.Release|Any CPU.Build.0 = Release|Any CPU
		{60AB9A9D-4396-4F58-9965-6998E5950769}.Debug|Any CPU.ActiveCfg = Debug|Any CPU
		{60AB9A9D-4396-4F58-9965-6998E5950769}.Debug|Any CPU.Build.0 = Debug|Any CPU
		{60AB9A9D-4396-4F58-9965-6998E5950769}.Release|Any CPU.ActiveCfg = Release|Any CPU
		{60AB9A9D-4396-4F58-9965-6998E5950769}.Release|Any CPU.Build.0 = Release|Any CPU
		{48F3B42F-B263-4030-BE40-EA449A1F44E4}.Debug|Any CPU.ActiveCfg = Debug|Any CPU
		{48F3B42F-B263-4030-BE40-EA449A1F44E4}.Debug|Any CPU.Build.0 = Debug|Any CPU
		{48F3B42F-B263-4030-BE40-EA449A1F44E4}.Release|Any CPU.ActiveCfg = Release|Any CPU
		{48F3B42F-B263-4030-BE40-EA449A1F44E4}.Release|Any CPU.Build.0 = Release|Any CPU
		{F4784107-985B-4DC0-BAF7-484EFF7FBC26}.Debug|Any CPU.ActiveCfg = Debug|Any CPU
		{F4784107-985B-4DC0-BAF7-484EFF7FBC26}.Debug|Any CPU.Build.0 = Debug|Any CPU
		{F4784107-985B-4DC0-BAF7-484EFF7FBC26}.Release|Any CPU.ActiveCfg = Release|Any CPU
		{F4784107-985B-4DC0-BAF7-484EFF7FBC26}.Release|Any CPU.Build.0 = Release|Any CPU
		{129D6104-3305-4F9B-BB81-57707C772F59}.Debug|Any CPU.ActiveCfg = Debug|Any CPU
		{129D6104-3305-4F9B-BB81-57707C772F59}.Debug|Any CPU.Build.0 = Debug|Any CPU
		{129D6104-3305-4F9B-BB81-57707C772F59}.Release|Any CPU.ActiveCfg = Release|Any CPU
		{129D6104-3305-4F9B-BB81-57707C772F59}.Release|Any CPU.Build.0 = Release|Any CPU
	EndGlobalSection
	GlobalSection(SolutionProperties) = preSolution
		HideSolutionNode = FALSE
	EndGlobalSection
EndGlobal
