
Microsoft Visual Studio Solution File, Format Version 12.00
# Visual Studio 15
VisualStudioVersion = 15.0.26403.7
MinimumVisualStudioVersion = 10.0.40219.1
Project("{FAE04EC0-301F-11D3-BF4B-00C04F79EFBC}") = "CubicArtillery", "CubicArtillery\CubicArtillery.csproj", "{53325878-78C5-458B-A19D-5FB66538E1DD}"
EndProject
Project("{FAE04EC0-301F-11D3-BF4B-00C04F79EFBC}") = "CubicAssault", "CubicAssault\CubicAssault.csproj", "{33830219-AB41-45C5-8454-E99A29D4C530}"
EndProject
Project("{FAE04EC0-301F-11D3-BF4B-00C04F79EFBC}") = "CubicMessages", "CubicMessages\CubicMessages.csproj", "{2F6D11E0-F1FE-4845-9401-BB78A1854DA9}"
EndProject
Global
	GlobalSection(SolutionConfigurationPlatforms) = preSolution
		Debug|Any CPU = Debug|Any CPU
		Release|Any CPU = Release|Any CPU
	EndGlobalSection
	GlobalSection(ProjectConfigurationPlatforms) = postSolution
		{53325878-78C5-458B-A19D-5FB66538E1DD}.Debug|Any CPU.ActiveCfg = Debug|Any CPU
		{53325878-78C5-458B-A19D-5FB66538E1DD}.Debug|Any CPU.Build.0 = Debug|Any CPU
		{53325878-78C5-458B-A19D-5FB66538E1DD}.Release|Any CPU.ActiveCfg = Release|Any CPU
		{53325878-78C5-458B-A19D-5FB66538E1DD}.Release|Any CPU.Build.0 = Release|Any CPU
		{33830219-AB41-45C5-8454-E99A29D4C530}.Debug|Any CPU.ActiveCfg = Debug|Any CPU
		{33830219-AB41-45C5-8454-E99A29D4C530}.Debug|Any CPU.Build.0 = Debug|Any CPU
		{33830219-AB41-45C5-8454-E99A29D4C530}.Release|Any CPU.ActiveCfg = Release|Any CPU
		{33830219-AB41-45C5-8454-E99A29D4C530}.Release|Any CPU.Build.0 = Release|Any CPU
		{2F6D11E0-F1FE-4845-9401-BB78A1854DA9}.Debug|Any CPU.ActiveCfg = Debug|Any CPU
		{2F6D11E0-F1FE-4845-9401-BB78A1854DA9}.Debug|Any CPU.Build.0 = Debug|Any CPU
		{2F6D11E0-F1FE-4845-9401-BB78A1854DA9}.Release|Any CPU.ActiveCfg = Release|Any CPU
		{2F6D11E0-F1FE-4845-9401-BB78A1854DA9}.Release|Any CPU.Build.0 = Release|Any CPU
	EndGlobalSection
	GlobalSection(SolutionProperties) = preSolution
		HideSolutionNode = FALSE
	EndGlobalSection
EndGlobal
